
Microsoft Visual Studio Solution File, Format Version 12.00
# Visual Studio Version 16
VisualStudioVersion = 16.0.31515.178
MinimumVisualStudioVersion = 10.0.40219.1
Project("{FAE04EC0-301F-11D3-BF4B-00C04F79EFBC}") = "BTL-Csharp-Nhom8", "BTL-Csharp-Nhom8\BTL-Csharp-Nhom8.csproj", "{83C6A417-1AA6-4B46-B786-3F7F67FAF5AD}"
EndProject
Global
	GlobalSection(SolutionConfigurationPlatforms) = preSolution
		Debug|Any CPU = Debug|Any CPU
		Release|Any CPU = Release|Any CPU
	EndGlobalSection
	GlobalSection(ProjectConfigurationPlatforms) = postSolution
		{83C6A417-1AA6-4B46-B786-3F7F67FAF5AD}.Debug|Any CPU.ActiveCfg = Debug|Any CPU
		{83C6A417-1AA6-4B46-B786-3F7F67FAF5AD}.Debug|Any CPU.Build.0 = Debug|Any CPU
		{83C6A417-1AA6-4B46-B786-3F7F67FAF5AD}.Release|Any CPU.ActiveCfg = Release|Any CPU
		{83C6A417-1AA6-4B46-B786-3F7F67FAF5AD}.Release|Any CPU.Build.0 = Release|Any CPU
	EndGlobalSection
	GlobalSection(SolutionProperties) = preSolution
		HideSolutionNode = FALSE
	EndGlobalSection
	GlobalSection(ExtensibilityGlobals) = postSolution
		SolutionGuid = {2CD401E9-4B83-4F37-9A3D-A88864CF4CC5}
	EndGlobalSection
EndGlobal
